
Microsoft Visual Studio Solution File, Format Version 12.00
# Visual Studio Version 16
VisualStudioVersion = 16.0.28922.388
MinimumVisualStudioVersion = 10.0.40219.1
Project("{2150E333-8FDC-42A3-9474-1A3956D46DE8}") = "Core", "Core", "{7F9C6821-C67A-42B5-9CD7-9FBF7FCEC28F}"
EndProject
Project("{9A19103F-16F7-4668-BE54-9A1E7A4F7556}") = "SP.Messenger.Application", "SP.Messenger.Application\SP.Messenger.Application.csproj", "{665F403B-7597-4DFF-ACD3-56CB9DA418AF}"
EndProject
Project("{2150E333-8FDC-42A3-9474-1A3956D46DE8}") = "Common", "Common", "{E9FA21FF-41DE-44FC-BBCC-B768516A251B}"
EndProject
Project("{9A19103F-16F7-4668-BE54-9A1E7A4F7556}") = "SP.Messenger.Common", "SP.Messenger.Common\SP.Messenger.Common.csproj", "{C19F6696-1B12-48E2-97C2-D63CB7F428BE}"
EndProject
Project("{2150E333-8FDC-42A3-9474-1A3956D46DE8}") = "Infrastructure", "Infrastructure", "{D9C790E8-6F27-43BA-B97E-0DBFD6872C21}"
EndProject
Project("{9A19103F-16F7-4668-BE54-9A1E7A4F7556}") = "SP.Messenger.Domains", "SP.Messenger.Domains\SP.Messenger.Domains.csproj", "{03A1568B-423A-42F4-A7B3-3923DBD58F67}"
EndProject
Project("{9A19103F-16F7-4668-BE54-9A1E7A4F7556}") = "SP.Messenger.Persistence", "SP.Messenger.Persistence\SP.Messenger.Persistence.csproj", "{DE1F9B52-F900-441B-B5E4-87F9C5CBE613}"
EndProject
Project("{2150E333-8FDC-42A3-9474-1A3956D46DE8}") = "Test", "Test", "{A35D04C6-11B6-410D-A66D-606A274B83D5}"
EndProject
Project("{9A19103F-16F7-4668-BE54-9A1E7A4F7556}") = "SP.Messenger.Application.Test", "SP.Messenger.Application.Test\SP.Messenger.Application.Test.csproj", "{0927E550-C0A6-4256-91D7-C5F93D32A817}"
EndProject
Project("{9A19103F-16F7-4668-BE54-9A1E7A4F7556}") = "SP.Messenger.Infrastructure", "SP.Messenger.Infrastructure\SP.Messenger.Infrastructure.csproj", "{4B0D62E8-EBE9-450A-A96F-A870873C1A2E}"
EndProject
Project("{9A19103F-16F7-4668-BE54-9A1E7A4F7556}") = "SP.Messenger.Hub.Service", "SP.Messenger.Hub.Service\SP.Messenger.Hub.Service.csproj", "{5C385E7E-7C2C-4483-B8E2-24295465CF24}"
EndProject
Project("{2150E333-8FDC-42A3-9474-1A3956D46DE8}") = "Presentation", "Presentation", "{20ACAA7E-108A-4B77-90AC-B1EB5B46CBF5}"
EndProject
Project("{9A19103F-16F7-4668-BE54-9A1E7A4F7556}") = "SP.Messenger.Integration.Test", "SP.Messenger.Integration.Test\SP.Messenger.Integration.Test.csproj", "{D1D7FED2-A994-449F-93E8-E1D6793E4036}"
EndProject
Project("{9A19103F-16F7-4668-BE54-9A1E7A4F7556}") = "SP.Messenger.Events", "SP.Messenger.Events\SP.Messenger.Events.csproj", "{ECE544AC-E6FD-4E03-B53B-015AC1458E18}"
EndProject
Global
	GlobalSection(SolutionConfigurationPlatforms) = preSolution
		Debug|Any CPU = Debug|Any CPU
		Release|Any CPU = Release|Any CPU
	EndGlobalSection
	GlobalSection(ProjectConfigurationPlatforms) = postSolution
		{665F403B-7597-4DFF-ACD3-56CB9DA418AF}.Debug|Any CPU.ActiveCfg = Debug|Any CPU
		{665F403B-7597-4DFF-ACD3-56CB9DA418AF}.Debug|Any CPU.Build.0 = Debug|Any CPU
		{665F403B-7597-4DFF-ACD3-56CB9DA418AF}.Release|Any CPU.ActiveCfg = Release|Any CPU
		{665F403B-7597-4DFF-ACD3-56CB9DA418AF}.Release|Any CPU.Build.0 = Release|Any CPU
		{C19F6696-1B12-48E2-97C2-D63CB7F428BE}.Debug|Any CPU.ActiveCfg = Debug|Any CPU
		{C19F6696-1B12-48E2-97C2-D63CB7F428BE}.Debug|Any CPU.Build.0 = Debug|Any CPU
		{C19F6696-1B12-48E2-97C2-D63CB7F428BE}.Release|Any CPU.ActiveCfg = Release|Any CPU
		{C19F6696-1B12-48E2-97C2-D63CB7F428BE}.Release|Any CPU.Build.0 = Release|Any CPU
		{03A1568B-423A-42F4-A7B3-3923DBD58F67}.Debug|Any CPU.ActiveCfg = Debug|Any CPU
		{03A1568B-423A-42F4-A7B3-3923DBD58F67}.Debug|Any CPU.Build.0 = Debug|Any CPU
		{03A1568B-423A-42F4-A7B3-3923DBD58F67}.Release|Any CPU.ActiveCfg = Release|Any CPU
		{03A1568B-423A-42F4-A7B3-3923DBD58F67}.Release|Any CPU.Build.0 = Release|Any CPU
		{DE1F9B52-F900-441B-B5E4-87F9C5CBE613}.Debug|Any CPU.ActiveCfg = Debug|Any CPU
		{DE1F9B52-F900-441B-B5E4-87F9C5CBE613}.Debug|Any CPU.Build.0 = Debug|Any CPU
		{DE1F9B52-F900-441B-B5E4-87F9C5CBE613}.Release|Any CPU.ActiveCfg = Release|Any CPU
		{DE1F9B52-F900-441B-B5E4-87F9C5CBE613}.Release|Any CPU.Build.0 = Release|Any CPU
		{0927E550-C0A6-4256-91D7-C5F93D32A817}.Debug|Any CPU.ActiveCfg = Debug|Any CPU
		{0927E550-C0A6-4256-91D7-C5F93D32A817}.Debug|Any CPU.Build.0 = Debug|Any CPU
		{0927E550-C0A6-4256-91D7-C5F93D32A817}.Release|Any CPU.ActiveCfg = Release|Any CPU
		{0927E550-C0A6-4256-91D7-C5F93D32A817}.Release|Any CPU.Build.0 = Release|Any CPU
		{4B0D62E8-EBE9-450A-A96F-A870873C1A2E}.Debug|Any CPU.ActiveCfg = Debug|Any CPU
		{4B0D62E8-EBE9-450A-A96F-A870873C1A2E}.Debug|Any CPU.Build.0 = Debug|Any CPU
		{4B0D62E8-EBE9-450A-A96F-A870873C1A2E}.Release|Any CPU.ActiveCfg = Release|Any CPU
		{4B0D62E8-EBE9-450A-A96F-A870873C1A2E}.Release|Any CPU.Build.0 = Release|Any CPU
		{5C385E7E-7C2C-4483-B8E2-24295465CF24}.Debug|Any CPU.ActiveCfg = Debug|Any CPU
		{5C385E7E-7C2C-4483-B8E2-24295465CF24}.Debug|Any CPU.Build.0 = Debug|Any CPU
		{5C385E7E-7C2C-4483-B8E2-24295465CF24}.Release|Any CPU.ActiveCfg = Release|Any CPU
		{5C385E7E-7C2C-4483-B8E2-24295465CF24}.Release|Any CPU.Build.0 = Release|Any CPU
		{D1D7FED2-A994-449F-93E8-E1D6793E4036}.Debug|Any CPU.ActiveCfg = Debug|Any CPU
		{D1D7FED2-A994-449F-93E8-E1D6793E4036}.Debug|Any CPU.Build.0 = Debug|Any CPU
		{D1D7FED2-A994-449F-93E8-E1D6793E4036}.Release|Any CPU.ActiveCfg = Release|Any CPU
		{D1D7FED2-A994-449F-93E8-E1D6793E4036}.Release|Any CPU.Build.0 = Release|Any CPU
		{ECE544AC-E6FD-4E03-B53B-015AC1458E18}.Debug|Any CPU.ActiveCfg = Debug|Any CPU
		{ECE544AC-E6FD-4E03-B53B-015AC1458E18}.Debug|Any CPU.Build.0 = Debug|Any CPU
		{ECE544AC-E6FD-4E03-B53B-015AC1458E18}.Release|Any CPU.ActiveCfg = Release|Any CPU
		{ECE544AC-E6FD-4E03-B53B-015AC1458E18}.Release|Any CPU.Build.0 = Release|Any CPU
	EndGlobalSection
	GlobalSection(SolutionProperties) = preSolution
		HideSolutionNode = FALSE
	EndGlobalSection
	GlobalSection(NestedProjects) = preSolution
		{665F403B-7597-4DFF-ACD3-56CB9DA418AF} = {7F9C6821-C67A-42B5-9CD7-9FBF7FCEC28F}
		{C19F6696-1B12-48E2-97C2-D63CB7F428BE} = {E9FA21FF-41DE-44FC-BBCC-B768516A251B}
		{03A1568B-423A-42F4-A7B3-3923DBD58F67} = {7F9C6821-C67A-42B5-9CD7-9FBF7FCEC28F}
		{DE1F9B52-F900-441B-B5E4-87F9C5CBE613} = {D9C790E8-6F27-43BA-B97E-0DBFD6872C21}
		{0927E550-C0A6-4256-91D7-C5F93D32A817} = {A35D04C6-11B6-410D-A66D-606A274B83D5}
		{4B0D62E8-EBE9-450A-A96F-A870873C1A2E} = {D9C790E8-6F27-43BA-B97E-0DBFD6872C21}
		{5C385E7E-7C2C-4483-B8E2-24295465CF24} = {20ACAA7E-108A-4B77-90AC-B1EB5B46CBF5}
		{D1D7FED2-A994-449F-93E8-E1D6793E4036} = {A35D04C6-11B6-410D-A66D-606A274B83D5}
		{ECE544AC-E6FD-4E03-B53B-015AC1458E18} = {E9FA21FF-41DE-44FC-BBCC-B768516A251B}
	EndGlobalSection
	GlobalSection(ExtensibilityGlobals) = postSolution
		SolutionGuid = {728F205C-B1B4-4349-A2B5-7C8FE8CEEB84}
	EndGlobalSection
EndGlobal
